
Microsoft Visual Studio Solution File, Format Version 12.00
# Visual Studio Version 16
VisualStudioVersion = 16.0.34931.43
MinimumVisualStudioVersion = 10.0.40219.1
Project("{FAE04EC0-301F-11D3-BF4B-00C04F79EFBC}") = "Interface4GROB4Track", "Interface4GROB4TrackWinService\Interface4GROB4Track.csproj", "{B10B4331-5549-47EA-ABB6-2FE59F156108}"
EndProject
Global
	GlobalSection(SolutionConfigurationPlatforms) = preSolution
		Debug|Any CPU = Debug|Any CPU
		Release|Any CPU = Release|Any CPU
	EndGlobalSection
	GlobalSection(ProjectConfigurationPlatforms) = postSolution
		{B10B4331-5549-47EA-ABB6-2FE59F156108}.Debug|Any CPU.ActiveCfg = Debug|Any CPU
		{B10B4331-5549-47EA-ABB6-2FE59F156108}.Debug|Any CPU.Build.0 = Debug|Any CPU
		{B10B4331-5549-47EA-ABB6-2FE59F156108}.Release|Any CPU.ActiveCfg = Release|Any CPU
		{B10B4331-5549-47EA-ABB6-2FE59F156108}.Release|Any CPU.Build.0 = Release|Any CPU
	EndGlobalSection
	GlobalSection(SolutionProperties) = preSolution
		HideSolutionNode = FALSE
	EndGlobalSection
	GlobalSection(ExtensibilityGlobals) = postSolution
		SolutionGuid = {ABB1F41D-5926-420D-A36D-64AC91BF3425}
	EndGlobalSection
EndGlobal
